// !$*UTF8*$!
{
	archiveVersion = 1;
	classes = {
	};
	objectVersion = 55;
	objects = {

/* Begin PBXBuildFile section */
		F0ACACC02717423A00B9F786 /* AppDelegate.swift in Sources */ = {isa = PBXBuildFile; fileRef = F0ACACBF2717423A00B9F786 /* AppDelegate.swift */; };
		F0ACACC22717423A00B9F786 /* SceneDelegate.swift in Sources */ = {isa = PBXBuildFile; fileRef = F0ACACC12717423A00B9F786 /* SceneDelegate.swift */; };
		F0ACACC42717423A00B9F786 /* ViewController.swift in Sources */ = {isa = PBXBuildFile; fileRef = F0ACACC32717423A00B9F786 /* ViewController.swift */; };
		F0ACACC72717423A00B9F786 /* Main.storyboard in Resources */ = {isa = PBXBuildFile; fileRef = F0ACACC52717423A00B9F786 /* Main.storyboard */; };
		F0ACACCA2717423A00B9F786 /* TodoListApp.xcdatamodeld in Sources */ = {isa = PBXBuildFile; fileRef = F0ACACC82717423A00B9F786 /* TodoListApp.xcdatamodeld */; };
		F0ACACCC2717423B00B9F786 /* Assets.xcassets in Resources */ = {isa = PBXBuildFile; fileRef = F0ACACCB2717423B00B9F786 /* Assets.xcassets */; };
		F0ACACCF2717423B00B9F786 /* LaunchScreen.storyboard in Resources */ = {isa = PBXBuildFile; fileRef = F0ACACCD2717423B00B9F786 /* LaunchScreen.storyboard */; };
		F0ACACDA2717423C00B9F786 /* TodoListAppTests.swift in Sources */ = {isa = PBXBuildFile; fileRef = F0ACACD92717423C00B9F786 /* TodoListAppTests.swift */; };
		F0ACACE42717423C00B9F786 /* TodoListAppUITests.swift in Sources */ = {isa = PBXBuildFile; fileRef = F0ACACE32717423C00B9F786 /* TodoListAppUITests.swift */; };
		F0ACACE62717423C00B9F786 /* TodoListAppUITestsLaunchTests.swift in Sources */ = {isa = PBXBuildFile; fileRef = F0ACACE52717423C00B9F786 /* TodoListAppUITestsLaunchTests.swift */; };
		F0ACACF3271758DC00B9F786 /* CustomTableViewCell.swift in Sources */ = {isa = PBXBuildFile; fileRef = F0ACACF2271758DC00B9F786 /* CustomTableViewCell.swift */; };
		F0ACACF527184D0000B9F786 /* CustomTableViewController.swift in Sources */ = {isa = PBXBuildFile; fileRef = F0ACACF427184D0000B9F786 /* CustomTableViewController.swift */; };
/* End PBXBuildFile section */

/* Begin PBXContainerItemProxy section */
		F0ACACD62717423C00B9F786 /* PBXContainerItemProxy */ = {
			isa = PBXContainerItemProxy;
			containerPortal = F0ACACB42717423A00B9F786 /* Project object */;
			proxyType = 1;
			remoteGlobalIDString = F0ACACBB2717423A00B9F786;
			remoteInfo = TodoListApp;
		};
		F0ACACE02717423C00B9F786 /* PBXContainerItemProxy */ = {
			isa = PBXContainerItemProxy;
			containerPortal = F0ACACB42717423A00B9F786 /* Project object */;
			proxyType = 1;
			remoteGlobalIDString = F0ACACBB2717423A00B9F786;
			remoteInfo = TodoListApp;
		};
/* End PBXContainerItemProxy section */

/* Begin PBXFileReference section */
		F0ACACBC2717423A00B9F786 /* TodoListApp.app */ = {isa = PBXFileReference; explicitFileType = wrapper.application; includeInIndex = 0; path = TodoListApp.app; sourceTree = BUILT_PRODUCTS_DIR; };
		F0ACACBF2717423A00B9F786 /* AppDelegate.swift */ = {isa = PBXFileReference; lastKnownFileType = sourcecode.swift; path = AppDelegate.swift; sourceTree = "<group>"; };
		F0ACACC12717423A00B9F786 /* SceneDelegate.swift */ = {isa = PBXFileReference; lastKnownFileType = sourcecode.swift; path = SceneDelegate.swift; sourceTree = "<group>"; };
		F0ACACC32717423A00B9F786 /* ViewController.swift */ = {isa = PBXFileReference; lastKnownFileType = sourcecode.swift; path = ViewController.swift; sourceTree = "<group>"; };
		F0ACACC62717423A00B9F786 /* Base */ = {isa = PBXFileReference; lastKnownFileType = file.storyboard; name = Base; path = Base.lproj/Main.storyboard; sourceTree = "<group>"; };
		F0ACACC92717423A00B9F786 /* TodoListApp.xcdatamodel */ = {isa = PBXFileReference; lastKnownFileType = wrapper.xcdatamodel; path = TodoListApp.xcdatamodel; sourceTree = "<group>"; };
		F0ACACCB2717423B00B9F786 /* Assets.xcassets */ = {isa = PBXFileReference; lastKnownFileType = folder.assetcatalog; path = Assets.xcassets; sourceTree = "<group>"; };
		F0ACACCE2717423B00B9F786 /* Base */ = {isa = PBXFileReference; lastKnownFileType = file.storyboard; name = Base; path = Base.lproj/LaunchScreen.storyboard; sourceTree = "<group>"; };
		F0ACACD02717423B00B9F786 /* Info.plist */ = {isa = PBXFileReference; lastKnownFileType = text.plist.xml; path = Info.plist; sourceTree = "<group>"; };
		F0ACACD52717423C00B9F786 /* TodoListAppTests.xctest */ = {isa = PBXFileReference; explicitFileType = wrapper.cfbundle; includeInIndex = 0; path = TodoListAppTests.xctest; sourceTree = BUILT_PRODUCTS_DIR; };
		F0ACACD92717423C00B9F786 /* TodoListAppTests.swift */ = {isa = PBXFileReference; lastKnownFileType = sourcecode.swift; path = TodoListAppTests.swift; sourceTree = "<group>"; };
		F0ACACDF2717423C00B9F786 /* TodoListAppUITests.xctest */ = {isa = PBXFileReference; explicitFileType = wrapper.cfbundle; includeInIndex = 0; path = TodoListAppUITests.xctest; sourceTree = BUILT_PRODUCTS_DIR; };
		F0ACACE32717423C00B9F786 /* TodoListAppUITests.swift */ = {isa = PBXFileReference; lastKnownFileType = sourcecode.swift; path = TodoListAppUITests.swift; sourceTree = "<group>"; };
		F0ACACE52717423C00B9F786 /* TodoListAppUITestsLaunchTests.swift */ = {isa = PBXFileReference; lastKnownFileType = sourcecode.swift; path = TodoListAppUITestsLaunchTests.swift; sourceTree = "<group>"; };
		F0ACACF2271758DC00B9F786 /* CustomTableViewCell.swift */ = {isa = PBXFileReference; lastKnownFileType = sourcecode.swift; path = CustomTableViewCell.swift; sourceTree = "<group>"; };
		F0ACACF427184D0000B9F786 /* CustomTableViewController.swift */ = {isa = PBXFileReference; lastKnownFileType = sourcecode.swift; path = CustomTableViewController.swift; sourceTree = "<group>"; };
/* End PBXFileReference section */

/* Begin PBXFrameworksBuildPhase section */
		F0ACACB92717423A00B9F786 /* Frameworks */ = {
			isa = PBXFrameworksBuildPhase;
			buildActionMask = 2147483647;
			files = (
			);
			runOnlyForDeploymentPostprocessing = 0;
		};
		F0ACACD22717423C00B9F786 /* Frameworks */ = {
			isa = PBXFrameworksBuildPhase;
			buildActionMask = 2147483647;
			files = (
			);
			runOnlyForDeploymentPostprocessing = 0;
		};
		F0ACACDC2717423C00B9F786 /* Frameworks */ = {
			isa = PBXFrameworksBuildPhase;
			buildActionMask = 2147483647;
			files = (
			);
			runOnlyForDeploymentPostprocessing = 0;
		};
/* End PBXFrameworksBuildPhase section */

/* Begin PBXGroup section */
		F0ACACB32717423A00B9F786 = {
			isa = PBXGroup;
			children = (
				F0ACACBE2717423A00B9F786 /* TodoListApp */,
				F0ACACD82717423C00B9F786 /* TodoListAppTests */,
				F0ACACE22717423C00B9F786 /* TodoListAppUITests */,
				F0ACACBD2717423A00B9F786 /* Products */,
			);
			sourceTree = "<group>";
		};
		F0ACACBD2717423A00B9F786 /* Products */ = {
			isa = PBXGroup;
			children = (
				F0ACACBC2717423A00B9F786 /* TodoListApp.app */,
				F0ACACD52717423C00B9F786 /* TodoListAppTests.xctest */,
				F0ACACDF2717423C00B9F786 /* TodoListAppUITests.xctest */,
			);
			name = Products;
			sourceTree = "<group>";
		};
		F0ACACBE2717423A00B9F786 /* TodoListApp */ = {
			isa = PBXGroup;
			children = (
				F0ACACBF2717423A00B9F786 /* AppDelegate.swift */,
				F0ACACC12717423A00B9F786 /* SceneDelegate.swift */,
				F0ACACC32717423A00B9F786 /* ViewController.swift */,
				F0ACACC52717423A00B9F786 /* Main.storyboard */,
				F0ACACF427184D0000B9F786 /* CustomTableViewController.swift */,
				F0ACACF2271758DC00B9F786 /* CustomTableViewCell.swift */,
				F0ACACCB2717423B00B9F786 /* Assets.xcassets */,
				F0ACACCD2717423B00B9F786 /* LaunchScreen.storyboard */,
				F0ACACD02717423B00B9F786 /* Info.plist */,
				F0ACACC82717423A00B9F786 /* TodoListApp.xcdatamodeld */,
			);
			path = TodoListApp;
			sourceTree = "<group>";
		};
		F0ACACD82717423C00B9F786 /* TodoListAppTests */ = {
			isa = PBXGroup;
			children = (
				F0ACACD92717423C00B9F786 /* TodoListAppTests.swift */,
			);
			path = TodoListAppTests;
			sourceTree = "<group>";
		};
		F0ACACE22717423C00B9F786 /* TodoListAppUITests */ = {
			isa = PBXGroup;
			children = (
				F0ACACE32717423C00B9F786 /* TodoListAppUITests.swift */,
				F0ACACE52717423C00B9F786 /* TodoListAppUITestsLaunchTests.swift */,
			);
			path = TodoListAppUITests;
			sourceTree = "<group>";
		};
/* End PBXGroup section */

/* Begin PBXNativeTarget section */
		F0ACACBB2717423A00B9F786 /* TodoListApp */ = {
			isa = PBXNativeTarget;
			buildConfigurationList = F0ACACE92717423C00B9F786 /* Build configuration list for PBXNativeTarget "TodoListApp" */;
			buildPhases = (
				F0ACACB82717423A00B9F786 /* Sources */,
				F0ACACB92717423A00B9F786 /* Frameworks */,
				F0ACACBA2717423A00B9F786 /* Resources */,
			);
			buildRules = (
			);
			dependencies = (
			);
			name = TodoListApp;
			productName = TodoListApp;
			productReference = F0ACACBC2717423A00B9F786 /* TodoListApp.app */;
			productType = "com.apple.product-type.application";
		};
		F0ACACD42717423C00B9F786 /* TodoListAppTests */ = {
			isa = PBXNativeTarget;
			buildConfigurationList = F0ACACEC2717423C00B9F786 /* Build configuration list for PBXNativeTarget "TodoListAppTests" */;
			buildPhases = (
				F0ACACD12717423C00B9F786 /* Sources */,
				F0ACACD22717423C00B9F786 /* Frameworks */,
				F0ACACD32717423C00B9F786 /* Resources */,
			);
			buildRules = (
			);
			dependencies = (
				F0ACACD72717423C00B9F786 /* PBXTargetDependency */,
			);
			name = TodoListAppTests;
			productName = TodoListAppTests;
			productReference = F0ACACD52717423C00B9F786 /* TodoListAppTests.xctest */;
			productType = "com.apple.product-type.bundle.unit-test";
		};
		F0ACACDE2717423C00B9F786 /* TodoListAppUITests */ = {
			isa = PBXNativeTarget;
			buildConfigurationList = F0ACACEF2717423C00B9F786 /* Build configuration list for PBXNativeTarget "TodoListAppUITests" */;
			buildPhases = (
				F0ACACDB2717423C00B9F786 /* Sources */,
				F0ACACDC2717423C00B9F786 /* Frameworks */,
				F0ACACDD2717423C00B9F786 /* Resources */,
			);
			buildRules = (
			);
			dependencies = (
				F0ACACE12717423C00B9F786 /* PBXTargetDependency */,
			);
			name = TodoListAppUITests;
			productName = TodoListAppUITests;
			productReference = F0ACACDF2717423C00B9F786 /* TodoListAppUITests.xctest */;
			productType = "com.apple.product-type.bundle.ui-testing";
		};
/* End PBXNativeTarget section */

/* Begin PBXProject section */
		F0ACACB42717423A00B9F786 /* Project object */ = {
			isa = PBXProject;
			attributes = {
				BuildIndependentTargetsInParallel = 1;
				LastSwiftUpdateCheck = 1300;
				LastUpgradeCheck = 1300;
				TargetAttributes = {
					F0ACACBB2717423A00B9F786 = {
						CreatedOnToolsVersion = 13.0;
					};
					F0ACACD42717423C00B9F786 = {
						CreatedOnToolsVersion = 13.0;
						TestTargetID = F0ACACBB2717423A00B9F786;
					};
					F0ACACDE2717423C00B9F786 = {
						CreatedOnToolsVersion = 13.0;
						TestTargetID = F0ACACBB2717423A00B9F786;
					};
				};
			};
			buildConfigurationList = F0ACACB72717423A00B9F786 /* Build configuration list for PBXProject "TodoListApp" */;
			compatibilityVersion = "Xcode 13.0";
			developmentRegion = en;
			hasScannedForEncodings = 0;
			knownRegions = (
				en,
				Base,
			);
			mainGroup = F0ACACB32717423A00B9F786;
			productRefGroup = F0ACACBD2717423A00B9F786 /* Products */;
			projectDirPath = "";
			projectRoot = "";
			targets = (
				F0ACACBB2717423A00B9F786 /* TodoListApp */,
				F0ACACD42717423C00B9F786 /* TodoListAppTests */,
				F0ACACDE2717423C00B9F786 /* TodoListAppUITests */,
			);
		};
/* End PBXProject section */

/* Begin PBXResourcesBuildPhase section */
		F0ACACBA2717423A00B9F786 /* Resources */ = {
			isa = PBXResourcesBuildPhase;
			buildActionMask = 2147483647;
			files = (
				F0ACACCF2717423B00B9F786 /* LaunchScreen.storyboard in Resources */,
				F0ACACCC2717423B00B9F786 /* Assets.xcassets in Resources */,
				F0ACACC72717423A00B9F786 /* Main.storyboard in Resources */,
			);
			runOnlyForDeploymentPostprocessing = 0;
		};
		F0ACACD32717423C00B9F786 /* Resources */ = {
			isa = PBXResourcesBuildPhase;
			buildActionMask = 2147483647;
			files = (
			);
			runOnlyForDeploymentPostprocessing = 0;
		};
		F0ACACDD2717423C00B9F786 /* Resources */ = {
			isa = PBXResourcesBuildPhase;
			buildActionMask = 2147483647;
			files = (
			);
			runOnlyForDeploymentPostprocessing = 0;
		};
/* End PBXResourcesBuildPhase section */

/* Begin PBXSourcesBuildPhase section */
		F0ACACB82717423A00B9F786 /* Sources */ = {
			isa = PBXSourcesBuildPhase;
			buildActionMask = 2147483647;
			files = (
				F0ACACC42717423A00B9F786 /* ViewController.swift in Sources */,
				F0ACACC02717423A00B9F786 /* AppDelegate.swift in Sources */,
				F0ACACC22717423A00B9F786 /* SceneDelegate.swift in Sources */,
				F0ACACF3271758DC00B9F786 /* CustomTableViewCell.swift in Sources */,
				F0ACACF527184D0000B9F786 /* CustomTableViewController.swift in Sources */,
				F0ACACCA2717423A00B9F786 /* TodoListApp.xcdatamodeld in Sources */,
			);
			runOnlyForDeploymentPostprocessing = 0;
		};
		F0ACACD12717423C00B9F786 /* Sources */ = {
			isa = PBXSourcesBuildPhase;
			buildActionMask = 2147483647;
			files = (
				F0ACACDA2717423C00B9F786 /* TodoListAppTests.swift in Sources */,
			);
			runOnlyForDeploymentPostprocessing = 0;
		};
		F0ACACDB2717423C00B9F786 /* Sources */ = {
			isa = PBXSourcesBuildPhase;
			buildActionMask = 2147483647;
			files = (
				F0ACACE62717423C00B9F786 /* TodoListAppUITestsLaunchTests.swift in Sources */,
				F0ACACE42717423C00B9F786 /* TodoListAppUITests.swift in Sources */,
			);
			runOnlyForDeploymentPostprocessing = 0;
		};
/* End PBXSourcesBuildPhase section */

/* Begin PBXTargetDependency section */
		F0ACACD72717423C00B9F786 /* PBXTargetDependency */ = {
			isa = PBXTargetDependency;
			target = F0ACACBB2717423A00B9F786 /* TodoListApp */;
			targetProxy = F0ACACD62717423C00B9F786 /* PBXContainerItemProxy */;
		};
		F0ACACE12717423C00B9F786 /* PBXTargetDependency */ = {
			isa = PBXTargetDependency;
			target = F0ACACBB2717423A00B9F786 /* TodoListApp */;
			targetProxy = F0ACACE02717423C00B9F786 /* PBXContainerItemProxy */;
		};
/* End PBXTargetDependency section */

/* Begin PBXVariantGroup section */
		F0ACACC52717423A00B9F786 /* Main.storyboard */ = {
			isa = PBXVariantGroup;
			children = (
				F0ACACC62717423A00B9F786 /* Base */,
			);
			name = Main.storyboard;
			sourceTree = "<group>";
		};
		F0ACACCD2717423B00B9F786 /* LaunchScreen.storyboard */ = {
			isa = PBXVariantGroup;
			children = (
				F0ACACCE2717423B00B9F786 /* Base */,
			);
			name = LaunchScreen.storyboard;
			sourceTree = "<group>";
		};
/* End PBXVariantGroup section */

/* Begin XCBuildConfiguration section */
		F0ACACE72717423C00B9F786 /* Debug */ = {
			isa = XCBuildConfiguration;
			buildSettings = {
				ALWAYS_SEARCH_USER_PATHS = NO;
				CLANG_ANALYZER_NONNULL = YES;
				CLANG_ANALYZER_NUMBER_OBJECT_CONVERSION = YES_AGGRESSIVE;
				CLANG_CXX_LANGUAGE_STANDARD = "gnu++17";
				CLANG_CXX_LIBRARY = "libc++";
				CLANG_ENABLE_MODULES = YES;
				CLANG_ENABLE_OBJC_ARC = YES;
				CLANG_ENABLE_OBJC_WEAK = YES;
				CLANG_WARN_BLOCK_CAPTURE_AUTORELEASING = YES;
				CLANG_WARN_BOOL_CONVERSION = YES;
				CLANG_WARN_COMMA = YES;
				CLANG_WARN_CONSTANT_CONVERSION = YES;
				CLANG_WARN_DEPRECATED_OBJC_IMPLEMENTATIONS = YES;
				CLANG_WARN_DIRECT_OBJC_ISA_USAGE = YES_ERROR;
				CLANG_WARN_DOCUMENTATION_COMMENTS = YES;
				CLANG_WARN_EMPTY_BODY = YES;
				CLANG_WARN_ENUM_CONVERSION = YES;
				CLANG_WARN_INFINITE_RECURSION = YES;
				CLANG_WARN_INT_CONVERSION = YES;
				CLANG_WARN_NON_LITERAL_NULL_CONVERSION = YES;
				CLANG_WARN_OBJC_IMPLICIT_RETAIN_SELF = YES;
				CLANG_WARN_OBJC_LITERAL_CONVERSION = YES;
				CLANG_WARN_OBJC_ROOT_CLASS = YES_ERROR;
				CLANG_WARN_QUOTED_INCLUDE_IN_FRAMEWORK_HEADER = YES;
				CLANG_WARN_RANGE_LOOP_ANALYSIS = YES;
				CLANG_WARN_STRICT_PROTOTYPES = YES;
				CLANG_WARN_SUSPICIOUS_MOVE = YES;
				CLANG_WARN_UNGUARDED_AVAILABILITY = YES_AGGRESSIVE;
				CLANG_WARN_UNREACHABLE_CODE = YES;
				CLANG_WARN__DUPLICATE_METHOD_MATCH = YES;
				COPY_PHASE_STRIP = NO;
				DEBUG_INFORMATION_FORMAT = dwarf;
				ENABLE_STRICT_OBJC_MSGSEND = YES;
				ENABLE_TESTABILITY = YES;
				GCC_C_LANGUAGE_STANDARD = gnu11;
				GCC_DYNAMIC_NO_PIC = NO;
				GCC_NO_COMMON_BLOCKS = YES;
				GCC_OPTIMIZATION_LEVEL = 0;
				GCC_PREPROCESSOR_DEFINITIONS = (
					"DEBUG=1",
					"$(inherited)",
				);
				GCC_WARN_64_TO_32_BIT_CONVERSION = YES;
				GCC_WARN_ABOUT_RETURN_TYPE = YES_ERROR;
				GCC_WARN_UNDECLARED_SELECTOR = YES;
				GCC_WARN_UNINITIALIZED_AUTOS = YES_AGGRESSIVE;
				GCC_WARN_UNUSED_FUNCTION = YES;
				GCC_WARN_UNUSED_VARIABLE = YES;
				IPHONEOS_DEPLOYMENT_TARGET = 15.0;
				MTL_ENABLE_DEBUG_INFO = INCLUDE_SOURCE;
				MTL_FAST_MATH = YES;
				ONLY_ACTIVE_ARCH = YES;
				SDKROOT = iphoneos;
				SWIFT_ACTIVE_COMPILATION_CONDITIONS = DEBUG;
				SWIFT_OPTIMIZATION_LEVEL = "-Onone";
			};
			name = Debug;
		};
		F0ACACE82717423C00B9F786 /* Release */ = {
			isa = XCBuildConfiguration;
			buildSettings = {
				ALWAYS_SEARCH_USER_PATHS = NO;
				CLANG_ANALYZER_NONNULL = YES;
				CLANG_ANALYZER_NUMBER_OBJECT_CONVERSION = YES_AGGRESSIVE;
				CLANG_CXX_LANGUAGE_STANDARD = "gnu++17";
				CLANG_CXX_LIBRARY = "libc++";
				CLANG_ENABLE_MODULES = YES;
				CLANG_ENABLE_OBJC_ARC = YES;
				CLANG_ENABLE_OBJC_WEAK = YES;
				CLANG_WARN_BLOCK_CAPTURE_AUTORELEASING = YES;
				CLANG_WARN_BOOL_CONVERSION = YES;
				CLANG_WARN_COMMA = YES;
				CLANG_WARN_CONSTANT_CONVERSION = YES;
				CLANG_WARN_DEPRECATED_OBJC_IMPLEMENTATIONS = YES;
				CLANG_WARN_DIRECT_OBJC_ISA_USAGE = YES_ERROR;
				CLANG_WARN_DOCUMENTATION_COMMENTS = YES;
				CLANG_WARN_EMPTY_BODY = YES;
				CLANG_WARN_ENUM_CONVERSION = YES;
				CLANG_WARN_INFINITE_RECURSION = YES;
				CLANG_WARN_INT_CONVERSION = YES;
				CLANG_WARN_NON_LITERAL_NULL_CONVERSION = YES;
				CLANG_WARN_OBJC_IMPLICIT_RETAIN_SELF = YES;
				CLANG_WARN_OBJC_LITERAL_CONVERSION = YES;
				CLANG_WARN_OBJC_ROOT_CLASS = YES_ERROR;
				CLANG_WARN_QUOTED_INCLUDE_IN_FRAMEWORK_HEADER = YES;
				CLANG_WARN_RANGE_LOOP_ANALYSIS = YES;
				CLANG_WARN_STRICT_PROTOTYPES = YES;
				CLANG_WARN_SUSPICIOUS_MOVE = YES;
				CLANG_WARN_UNGUARDED_AVAILABILITY = YES_AGGRESSIVE;
				CLANG_WARN_UNREACHABLE_CODE = YES;
				CLANG_WARN__DUPLICATE_METHOD_MATCH = YES;
				COPY_PHASE_STRIP = NO;
				DEBUG_INFORMATION_FORMAT = "dwarf-with-dsym";
				ENABLE_NS_ASSERTIONS = NO;
				ENABLE_STRICT_OBJC_MSGSEND = YES;
				GCC_C_LANGUAGE_STANDARD = gnu11;
				GCC_NO_COMMON_BLOCKS = YES;
				GCC_WARN_64_TO_32_BIT_CONVERSION = YES;
				GCC_WARN_ABOUT_RETURN_TYPE = YES_ERROR;
				GCC_WARN_UNDECLARED_SELECTOR = YES;
				GCC_WARN_UNINITIALIZED_AUTOS = YES_AGGRESSIVE;
				GCC_WARN_UNUSED_FUNCTION = YES;
				GCC_WARN_UNUSED_VARIABLE = YES;
				IPHONEOS_DEPLOYMENT_TARGET = 15.0;
				MTL_ENABLE_DEBUG_INFO = NO;
				MTL_FAST_MATH = YES;
				SDKROOT = iphoneos;
				SWIFT_COMPILATION_MODE = wholemodule;
				SWIFT_OPTIMIZATION_LEVEL = "-O";
				VALIDATE_PRODUCT = YES;
			};
			name = Release;
		};
		F0ACACEA2717423C00B9F786 /* Debug */ = {
			isa = XCBuildConfiguration;
			buildSettings = {
				ASSETCATALOG_COMPILER_APPICON_NAME = AppIcon;
				ASSETCATALOG_COMPILER_GLOBAL_ACCENT_COLOR_NAME = AccentColor;
				CODE_SIGN_STYLE = Automatic;
				CURRENT_PROJECT_VERSION = 1;
				GENERATE_INFOPLIST_FILE = YES;
				INFOPLIST_FILE = TodoListApp/Info.plist;
				INFOPLIST_KEY_UIApplicationSupportsIndirectInputEvents = YES;
				INFOPLIST_KEY_UILaunchStoryboardName = LaunchScreen;
				INFOPLIST_KEY_UIMainStoryboardFile = Main;
				INFOPLIST_KEY_UISupportedInterfaceOrientations_iPad = "UIInterfaceOrientationPortrait UIInterfaceOrientationPortraitUpsideDown UIInterfaceOrientationLandscapeLeft UIInterfaceOrientationLandscapeRight";
				INFOPLIST_KEY_UISupportedInterfaceOrientations_iPhone = "UIInterfaceOrientationPortrait UIInterfaceOrientationLandscapeLeft UIInterfaceOrientationLandscapeRight";
				LD_RUNPATH_SEARCH_PATHS = (
					"$(inherited)",
					"@executable_path/Frameworks",
				);
				MARKETING_VERSION = 1.0;
				PRODUCT_BUNDLE_IDENTIFIER = com.ohood.TodoListApp;
				PRODUCT_NAME = "$(TARGET_NAME)";
				SWIFT_EMIT_LOC_STRINGS = YES;
				SWIFT_VERSION = 5.0;
				TARGETED_DEVICE_FAMILY = "1,2";
			};
			name = Debug;
		};
		F0ACACEB2717423C00B9F786 /* Release */ = {
			isa = XCBuildConfiguration;
			buildSettings = {
				ASSETCATALOG_COMPILER_APPICON_NAME = AppIcon;
				ASSETCATALOG_COMPILER_GLOBAL_ACCENT_COLOR_NAME = AccentColor;
				CODE_SIGN_STYLE = Automatic;
				CURRENT_PROJECT_VERSION = 1;
				GENERATE_INFOPLIST_FILE = YES;
				INFOPLIST_FILE = TodoListApp/Info.plist;
				INFOPLIST_KEY_UIApplicationSupportsIndirectInputEvents = YES;
				INFOPLIST_KEY_UILaunchStoryboardName = LaunchScreen;
				INFOPLIST_KEY_UIMainStoryboardFile = Main;
				INFOPLIST_KEY_UISupportedInterfaceOrientations_iPad = "UIInterfaceOrientationPortrait UIInterfaceOrientationPortraitUpsideDown UIInterfaceOrientationLandscapeLeft UIInterfaceOrientationLandscapeRight";
				INFOPLIST_KEY_UISupportedInterfaceOrientations_iPhone = "UIInterfaceOrientationPortrait UIInterfaceOrientationLandscapeLeft UIInterfaceOrientationLandscapeRight";
				LD_RUNPATH_SEARCH_PATHS = (
					"$(inherited)",
					"@executable_path/Frameworks",
				);
				MARKETING_VERSION = 1.0;
				PRODUCT_BUNDLE_IDENTIFIER = com.ohood.TodoListApp;
				PRODUCT_NAME = "$(TARGET_NAME)";
				SWIFT_EMIT_LOC_STRINGS = YES;
				SWIFT_VERSION = 5.0;
				TARGETED_DEVICE_FAMILY = "1,2";
			};
			name = Release;
		};
		F0ACACED2717423C00B9F786 /* Debug */ = {
			isa = XCBuildConfiguration;
			buildSettings = {
				ALWAYS_EMBED_SWIFT_STANDARD_LIBRARIES = YES;
				BUNDLE_LOADER = "$(TEST_HOST)";
				CODE_SIGN_STYLE = Automatic;
				CURRENT_PROJECT_VERSION = 1;
				GENERATE_INFOPLIST_FILE = YES;
				IPHONEOS_DEPLOYMENT_TARGET = 15.0;
				LD_RUNPATH_SEARCH_PATHS = (
					"$(inherited)",
					"@executable_path/Frameworks",
					"@loader_path/Frameworks",
				);
				MARKETING_VERSION = 1.0;
				PRODUCT_BUNDLE_IDENTIFIER = com.ohood.TodoListAppTests;
				PRODUCT_NAME = "$(TARGET_NAME)";
				SWIFT_EMIT_LOC_STRINGS = NO;
				SWIFT_VERSION = 5.0;
				TARGETED_DEVICE_FAMILY = "1,2";
				TEST_HOST = "$(BUILT_PRODUCTS_DIR)/TodoListApp.app/TodoListApp";
			};
			name = Debug;
		};
		F0ACACEE2717423C00B9F786 /* Release */ = {
			isa = XCBuildConfiguration;
			buildSettings = {
				ALWAYS_EMBED_SWIFT_STANDARD_LIBRARIES = YES;
				BUNDLE_LOADER = "$(TEST_HOST)";
				CODE_SIGN_STYLE = Automatic;
				CURRENT_PROJECT_VERSION = 1;
				GENERATE_INFOPLIST_FILE = YES;
				IPHONEOS_DEPLOYMENT_TARGET = 15.0;
				LD_RUNPATH_SEARCH_PATHS = (
					"$(inherited)",
					"@executable_path/Frameworks",
					"@loader_path/Frameworks",
				);
				MARKETING_VERSION = 1.0;
				PRODUCT_BUNDLE_IDENTIFIER = com.ohood.TodoListAppTests;
				PRODUCT_NAME = "$(TARGET_NAME)";
				SWIFT_EMIT_LOC_STRINGS = NO;
				SWIFT_VERSION = 5.0;
				TARGETED_DEVICE_FAMILY = "1,2";
				TEST_HOST = "$(BUILT_PRODUCTS_DIR)/TodoListApp.app/TodoListApp";
			};
			name = Release;
		};
		F0ACACF02717423C00B9F786 /* Debug */ = {
			isa = XCBuildConfiguration;
			buildSettings = {
				ALWAYS_EMBED_SWIFT_STANDARD_LIBRARIES = YES;
				CODE_SIGN_STYLE = Automatic;
				CURRENT_PROJECT_VERSION = 1;
				GENERATE_INFOPLIST_FILE = YES;
				LD_RUNPATH_SEARCH_PATHS = (
					"$(inherited)",
					"@executable_path/Frameworks",
					"@loader_path/Frameworks",
				);
				MARKETING_VERSION = 1.0;
				PRODUCT_BUNDLE_IDENTIFIER = com.ohood.TodoListAppUITests;
				PRODUCT_NAME = "$(TARGET_NAME)";
				SWIFT_EMIT_LOC_STRINGS = NO;
				SWIFT_VERSION = 5.0;
				TARGETED_DEVICE_FAMILY = "1,2";
				TEST_TARGET_NAME = TodoListApp;
			};
			name = Debug;
		};
		F0ACACF12717423C00B9F786 /* Release */ = {
			isa = XCBuildConfiguration;
			buildSettings = {
				ALWAYS_EMBED_SWIFT_STANDARD_LIBRARIES = YES;
				CODE_SIGN_STYLE = Automatic;
				CURRENT_PROJECT_VERSION = 1;
				GENERATE_INFOPLIST_FILE = YES;
				LD_RUNPATH_SEARCH_PATHS = (
					"$(inherited)",
					"@executable_path/Frameworks",
					"@loader_path/Frameworks",
				);
				MARKETING_VERSION = 1.0;
				PRODUCT_BUNDLE_IDENTIFIER = com.ohood.TodoListAppUITests;
				PRODUCT_NAME = "$(TARGET_NAME)";
				SWIFT_EMIT_LOC_STRINGS = NO;
				SWIFT_VERSION = 5.0;
				TARGETED_DEVICE_FAMILY = "1,2";
				TEST_TARGET_NAME = TodoListApp;
			};
			name = Release;
		};
/* End XCBuildConfiguration section */

/* Begin XCConfigurationList section */
		F0ACACB72717423A00B9F786 /* Build configuration list for PBXProject "TodoListApp" */ = {
			isa = XCConfigurationList;
			buildConfigurations = (
				F0ACACE72717423C00B9F786 /* Debug */,
				F0ACACE82717423C00B9F786 /* Release */,
			);
			defaultConfigurationIsVisible = 0;
			defaultConfigurationName = Release;
		};
		F0ACACE92717423C00B9F786 /* Build configuration list for PBXNativeTarget "TodoListApp" */ = {
			isa = XCConfigurationList;
			buildConfigurations = (
				F0ACACEA2717423C00B9F786 /* Debug */,
				F0ACACEB2717423C00B9F786 /* Release */,
			);
			defaultConfigurationIsVisible = 0;
			defaultConfigurationName = Release;
		};
		F0ACACEC2717423C00B9F786 /* Build configuration list for PBXNativeTarget "TodoListAppTests" */ = {
			isa = XCConfigurationList;
			buildConfigurations = (
				F0ACACED2717423C00B9F786 /* Debug */,
				F0ACACEE2717423C00B9F786 /* Release */,
			);
			defaultConfigurationIsVisible = 0;
			defaultConfigurationName = Release;
		};
		F0ACACEF2717423C00B9F786 /* Build configuration list for PBXNativeTarget "TodoListAppUITests" */ = {
			isa = XCConfigurationList;
			buildConfigurations = (
				F0ACACF02717423C00B9F786 /* Debug */,
				F0ACACF12717423C00B9F786 /* Release */,
			);
			defaultConfigurationIsVisible = 0;
			defaultConfigurationName = Release;
		};
/* End XCConfigurationList section */

/* Begin XCVersionGroup section */
		F0ACACC82717423A00B9F786 /* TodoListApp.xcdatamodeld */ = {
			isa = XCVersionGroup;
			children = (
				F0ACACC92717423A00B9F786 /* TodoListApp.xcdatamodel */,
			);
			currentVersion = F0ACACC92717423A00B9F786 /* TodoListApp.xcdatamodel */;
			path = TodoListApp.xcdatamodeld;
			sourceTree = "<group>";
			versionGroupType = wrapper.xcdatamodel;
		};
/* End XCVersionGroup section */
	};
	rootObject = F0ACACB42717423A00B9F786 /* Project object */;
}
